// !$*UTF8*$!
{
	archiveVersion = 1;
	classes = {
	};
	objectVersion = 51;
	objects = {

/* Begin PBXBuildFile section */
		571103DE22A6E76B0051BE95 /* TunerViewController.swift in Sources */ = {isa = PBXBuildFile; fileRef = 571103DD22A6E76B0051BE95 /* TunerViewController.swift */; };
		5734EECB21D060DA0037D21D /* CustomInstrumentsViewController.swift in Sources */ = {isa = PBXBuildFile; fileRef = 5734EECA21D060DA0037D21D /* CustomInstrumentsViewController.swift */; };
		574987A3211CF3C600E78B09 /* AppDelegate.swift in Sources */ = {isa = PBXBuildFile; fileRef = 574987A2211CF3C600E78B09 /* AppDelegate.swift */; };
		574987A5211CF3C600E78B09 /* InstrumentViewController.swift in Sources */ = {isa = PBXBuildFile; fileRef = 574987A4211CF3C600E78B09 /* InstrumentViewController.swift */; };
		574987A7211CF3C600E78B09 /* KeyViewController.swift in Sources */ = {isa = PBXBuildFile; fileRef = 574987A6211CF3C600E78B09 /* KeyViewController.swift */; };
		574987AA211CF3C600E78B09 /* Main.storyboard in Resources */ = {isa = PBXBuildFile; fileRef = 574987A8211CF3C600E78B09 /* Main.storyboard */; };
		574987AC211CF3C700E78B09 /* Assets.xcassets in Resources */ = {isa = PBXBuildFile; fileRef = 574987AB211CF3C700E78B09 /* Assets.xcassets */; };
		574987AF211CF3C700E78B09 /* LaunchScreen.storyboard in Resources */ = {isa = PBXBuildFile; fileRef = 574987AD211CF3C700E78B09 /* LaunchScreen.storyboard */; };
		574987BA211CF3C700E78B09 /* InstrumentTransposerTests.swift in Sources */ = {isa = PBXBuildFile; fileRef = 574987B9211CF3C700E78B09 /* InstrumentTransposerTests.swift */; };
		579745082128BED000689FE6 /* Localizable.strings in Resources */ = {isa = PBXBuildFile; fileRef = 579745062128BED000689FE6 /* Localizable.strings */; };
		579AD08322A6EF6E00CCCA8B /* Config.swift in Sources */ = {isa = PBXBuildFile; fileRef = 579AD06122A6EF6E00CCCA8B /* Config.swift */; };
		579AD08422A6EF6E00CCCA8B /* EstimationError.swift in Sources */ = {isa = PBXBuildFile; fileRef = 579AD06322A6EF6E00CCCA8B /* EstimationError.swift */; };
		579AD08522A6EF6E00CCCA8B /* EstimationFactory.swift in Sources */ = {isa = PBXBuildFile; fileRef = 579AD06422A6EF6E00CCCA8B /* EstimationFactory.swift */; };
		579AD08622A6EF6E00CCCA8B /* EstimationStrategy.swift in Sources */ = {isa = PBXBuildFile; fileRef = 579AD06522A6EF6E00CCCA8B /* EstimationStrategy.swift */; };
		579AD08722A6EF6E00CCCA8B /* Estimator.swift in Sources */ = {isa = PBXBuildFile; fileRef = 579AD06622A6EF6E00CCCA8B /* Estimator.swift */; };
		579AD08822A6EF6E00CCCA8B /* LocationEstimator.swift in Sources */ = {isa = PBXBuildFile; fileRef = 579AD06722A6EF6E00CCCA8B /* LocationEstimator.swift */; };
		579AD08922A6EF6E00CCCA8B /* BarycentricEstimator.swift in Sources */ = {isa = PBXBuildFile; fileRef = 579AD06922A6EF6E00CCCA8B /* BarycentricEstimator.swift */; };
		579AD08A22A6EF6E00CCCA8B /* HPSEstimator.swift in Sources */ = {isa = PBXBuildFile; fileRef = 579AD06A22A6EF6E00CCCA8B /* HPSEstimator.swift */; };
		579AD08B22A6EF6E00CCCA8B /* JainsEstimator.swift in Sources */ = {isa = PBXBuildFile; fileRef = 579AD06B22A6EF6E00CCCA8B /* JainsEstimator.swift */; };
		579AD08C22A6EF6E00CCCA8B /* MaxValueEstimator.swift in Sources */ = {isa = PBXBuildFile; fileRef = 579AD06C22A6EF6E00CCCA8B /* MaxValueEstimator.swift */; };
		579AD08D22A6EF6E00CCCA8B /* QuadradicEstimator.swift in Sources */ = {isa = PBXBuildFile; fileRef = 579AD06D22A6EF6E00CCCA8B /* QuadradicEstimator.swift */; };
		579AD08E22A6EF6E00CCCA8B /* QuinnsFirstEstimator.swift in Sources */ = {isa = PBXBuildFile; fileRef = 579AD06E22A6EF6E00CCCA8B /* QuinnsFirstEstimator.swift */; };
		579AD08F22A6EF6E00CCCA8B /* QuinnsSecondEstimator.swift in Sources */ = {isa = PBXBuildFile; fileRef = 579AD06F22A6EF6E00CCCA8B /* QuinnsSecondEstimator.swift */; };
		579AD09022A6EF6E00CCCA8B /* YINEstimator.swift in Sources */ = {isa = PBXBuildFile; fileRef = 579AD07022A6EF6E00CCCA8B /* YINEstimator.swift */; };
		579AD09122A6EF6E00CCCA8B /* Buffer.swift in Sources */ = {isa = PBXBuildFile; fileRef = 579AD07222A6EF6E00CCCA8B /* Buffer.swift */; };
		579AD09222A6EF6E00CCCA8B /* Array+Extensions.swift in Sources */ = {isa = PBXBuildFile; fileRef = 579AD07422A6EF6E00CCCA8B /* Array+Extensions.swift */; };
		579AD09322A6EF6E00CCCA8B /* YINUtil.swift in Sources */ = {isa = PBXBuildFile; fileRef = 579AD07522A6EF6E00CCCA8B /* YINUtil.swift */; };
		579AD09422A6EF6E00CCCA8B /* PitchEngine.swift in Sources */ = {isa = PBXBuildFile; fileRef = 579AD07622A6EF6E00CCCA8B /* PitchEngine.swift */; };
		579AD09522A6EF6E00CCCA8B /* SignalTracker.swift in Sources */ = {isa = PBXBuildFile; fileRef = 579AD07822A6EF6E00CCCA8B /* SignalTracker.swift */; };
		579AD09622A6EF6E00CCCA8B /* InputSignalTracker.swift in Sources */ = {isa = PBXBuildFile; fileRef = 579AD07A22A6EF6E00CCCA8B /* InputSignalTracker.swift */; };
		579AD09722A6EF6E00CCCA8B /* OutputSignalTracker.swift in Sources */ = {isa = PBXBuildFile; fileRef = 579AD07B22A6EF6E00CCCA8B /* OutputSignalTracker.swift */; };
		579AD09822A6EF6E00CCCA8B /* SimulatorSignalTracker.swift in Sources */ = {isa = PBXBuildFile; fileRef = 579AD07C22A6EF6E00CCCA8B /* SimulatorSignalTracker.swift */; };
		579AD09922A6EF6E00CCCA8B /* FFTTransformer.swift in Sources */ = {isa = PBXBuildFile; fileRef = 579AD07F22A6EF6E00CCCA8B /* FFTTransformer.swift */; };
		579AD09A22A6EF6E00CCCA8B /* SimpleTransformer.swift in Sources */ = {isa = PBXBuildFile; fileRef = 579AD08022A6EF6E00CCCA8B /* SimpleTransformer.swift */; };
		579AD09B22A6EF6E00CCCA8B /* YINTransformer.swift in Sources */ = {isa = PBXBuildFile; fileRef = 579AD08122A6EF6E00CCCA8B /* YINTransformer.swift */; };
		579AD09C22A6EF6E00CCCA8B /* Transformer.swift in Sources */ = {isa = PBXBuildFile; fileRef = 579AD08222A6EF6E00CCCA8B /* Transformer.swift */; };
		579AD0A822A6EFFE00CCCA8B /* NoteCalculator.swift in Sources */ = {isa = PBXBuildFile; fileRef = 579AD09F22A6EFFE00CCCA8B /* NoteCalculator.swift */; };
		579AD0A922A6EFFE00CCCA8B /* PitchCalculator.swift in Sources */ = {isa = PBXBuildFile; fileRef = 579AD0A022A6EFFE00CCCA8B /* PitchCalculator.swift */; };
		579AD0AA22A6EFFE00CCCA8B /* WaveCalculator.swift in Sources */ = {isa = PBXBuildFile; fileRef = 579AD0A122A6EFFE00CCCA8B /* WaveCalculator.swift */; };
		579AD0AB22A6EFFE00CCCA8B /* AcousticWave.swift in Sources */ = {isa = PBXBuildFile; fileRef = 579AD0A322A6EFFE00CCCA8B /* AcousticWave.swift */; };
		579AD0AC22A6EFFE00CCCA8B /* Note.swift in Sources */ = {isa = PBXBuildFile; fileRef = 579AD0A422A6EFFE00CCCA8B /* Note.swift */; };
		579AD0AD22A6EFFE00CCCA8B /* Pitch.swift in Sources */ = {isa = PBXBuildFile; fileRef = 579AD0A522A6EFFE00CCCA8B /* Pitch.swift */; };
		579AD0AE22A6EFFE00CCCA8B /* Error.swift in Sources */ = {isa = PBXBuildFile; fileRef = 579AD0A622A6EFFE00CCCA8B /* Error.swift */; };
		579AD0AF22A6EFFE00CCCA8B /* FrequencyValidator.swift in Sources */ = {isa = PBXBuildFile; fileRef = 579AD0A722A6EFFE00CCCA8B /* FrequencyValidator.swift */; };
		57B4C0C9211D4912002AF979 /* SettingsViewController.swift in Sources */ = {isa = PBXBuildFile; fileRef = 57B4C0C8211D4912002AF979 /* SettingsViewController.swift */; };
		57B4C0CB211D4EB4002AF979 /* ColorChangeViewController.swift in Sources */ = {isa = PBXBuildFile; fileRef = 57B4C0CA211D4EB4002AF979 /* ColorChangeViewController.swift */; };
		57CFA237246B343E00E292B5 /* IAPManager.swift in Sources */ = {isa = PBXBuildFile; fileRef = 57CFA236246B343E00E292B5 /* IAPManager.swift */; };
		57CFA239246B3D1B00E292B5 /* StoreKit.framework in Frameworks */ = {isa = PBXBuildFile; fileRef = 57CFA238246B3D1B00E292B5 /* StoreKit.framework */; };
		704E5BE77022318816D8164E /* Pods_InstrumentTransposerTests.framework in Frameworks */ = {isa = PBXBuildFile; fileRef = 2601CB22442316FF994DCCB9 /* Pods_InstrumentTransposerTests.framework */; };
		929F0159EAA772D8D378DD30 /* Pods_InstrumentTransposer.framework in Frameworks */ = {isa = PBXBuildFile; fileRef = BD8E8DCCD0DC47EFE77DED81 /* Pods_InstrumentTransposer.framework */; };
		F40EDADF22A7564100DF5E99 /* InfoPlist.strings in Resources */ = {isa = PBXBuildFile; fileRef = F40EDAE122A7564100DF5E99 /* InfoPlist.strings */; };
/* End PBXBuildFile section */

/* Begin PBXContainerItemProxy section */
		574987B6211CF3C700E78B09 /* PBXContainerItemProxy */ = {
			isa = PBXContainerItemProxy;
			containerPortal = 57498797211CF3C600E78B09 /* Project object */;
			proxyType = 1;
			remoteGlobalIDString = 5749879E211CF3C600E78B09;
			remoteInfo = InstrumentTransposer;
		};
/* End PBXContainerItemProxy section */

/* Begin PBXFileReference section */
		2601CB22442316FF994DCCB9 /* Pods_InstrumentTransposerTests.framework */ = {isa = PBXFileReference; explicitFileType = wrapper.framework; includeInIndex = 0; path = Pods_InstrumentTransposerTests.framework; sourceTree = BUILT_PRODUCTS_DIR; };
		571103DD22A6E76B0051BE95 /* TunerViewController.swift */ = {isa = PBXFileReference; lastKnownFileType = sourcecode.swift; path = TunerViewController.swift; sourceTree = "<group>"; };
		5734EECA21D060DA0037D21D /* CustomInstrumentsViewController.swift */ = {isa = PBXFileReference; fileEncoding = 4; lastKnownFileType = sourcecode.swift; path = CustomInstrumentsViewController.swift; sourceTree = "<group>"; };
		5739D5072459FC8B0043BD07 /* README.md */ = {isa = PBXFileReference; lastKnownFileType = net.daringfireball.markdown; path = README.md; sourceTree = "<group>"; };
		5749879F211CF3C600E78B09 /* InstrumentTransposer.app */ = {isa = PBXFileReference; explicitFileType = wrapper.application; includeInIndex = 0; path = InstrumentTransposer.app; sourceTree = BUILT_PRODUCTS_DIR; };
		574987A2211CF3C600E78B09 /* AppDelegate.swift */ = {isa = PBXFileReference; lastKnownFileType = sourcecode.swift; path = AppDelegate.swift; sourceTree = "<group>"; };
		574987A4211CF3C600E78B09 /* InstrumentViewController.swift */ = {isa = PBXFileReference; lastKnownFileType = sourcecode.swift; path = InstrumentViewController.swift; sourceTree = "<group>"; };
		574987A6211CF3C600E78B09 /* KeyViewController.swift */ = {isa = PBXFileReference; lastKnownFileType = sourcecode.swift; path = KeyViewController.swift; sourceTree = "<group>"; };
		574987A9211CF3C600E78B09 /* Base */ = {isa = PBXFileReference; lastKnownFileType = file.storyboard; name = Base; path = Base.lproj/Main.storyboard; sourceTree = "<group>"; };
		574987AB211CF3C700E78B09 /* Assets.xcassets */ = {isa = PBXFileReference; lastKnownFileType = folder.assetcatalog; path = Assets.xcassets; sourceTree = "<group>"; };
		574987AE211CF3C700E78B09 /* Base */ = {isa = PBXFileReference; lastKnownFileType = file.storyboard; name = Base; path = Base.lproj/LaunchScreen.storyboard; sourceTree = "<group>"; };
		574987B0211CF3C700E78B09 /* Info.plist */ = {isa = PBXFileReference; lastKnownFileType = text.plist.xml; path = Info.plist; sourceTree = "<group>"; };
		574987B5211CF3C700E78B09 /* InstrumentTransposerTests.xctest */ = {isa = PBXFileReference; explicitFileType = wrapper.cfbundle; includeInIndex = 0; path = InstrumentTransposerTests.xctest; sourceTree = BUILT_PRODUCTS_DIR; };
		574987B9211CF3C700E78B09 /* InstrumentTransposerTests.swift */ = {isa = PBXFileReference; lastKnownFileType = sourcecode.swift; path = InstrumentTransposerTests.swift; sourceTree = "<group>"; };
		574987BB211CF3C700E78B09 /* Info.plist */ = {isa = PBXFileReference; lastKnownFileType = text.plist.xml; path = Info.plist; sourceTree = "<group>"; };
		579745052128BD8400689FE6 /* en */ = {isa = PBXFileReference; lastKnownFileType = text.plist.strings; name = en; path = en.lproj/Main.strings; sourceTree = "<group>"; };
		579745072128BED000689FE6 /* en */ = {isa = PBXFileReference; lastKnownFileType = text.plist.strings; name = en; path = en.lproj/Localizable.strings; sourceTree = "<group>"; };
		579745092128C0FD00689FE6 /* es */ = {isa = PBXFileReference; lastKnownFileType = text.plist.strings; name = es; path = es.lproj/Main.strings; sourceTree = "<group>"; };
		5797450A2128C0FD00689FE6 /* es */ = {isa = PBXFileReference; lastKnownFileType = text.plist.strings; name = es; path = es.lproj/LaunchScreen.strings; sourceTree = "<group>"; };
		5797450B2128C0FD00689FE6 /* es */ = {isa = PBXFileReference; lastKnownFileType = text.plist.strings; name = es; path = es.lproj/Localizable.strings; sourceTree = "<group>"; };
		579AD06122A6EF6E00CCCA8B /* Config.swift */ = {isa = PBXFileReference; fileEncoding = 4; lastKnownFileType = sourcecode.swift; path = Config.swift; sourceTree = "<group>"; };
		579AD06322A6EF6E00CCCA8B /* EstimationError.swift */ = {isa = PBXFileReference; fileEncoding = 4; lastKnownFileType = sourcecode.swift; path = EstimationError.swift; sourceTree = "<group>"; };
		579AD06422A6EF6E00CCCA8B /* EstimationFactory.swift */ = {isa = PBXFileReference; fileEncoding = 4; lastKnownFileType = sourcecode.swift; path = EstimationFactory.swift; sourceTree = "<group>"; };
		579AD06522A6EF6E00CCCA8B /* EstimationStrategy.swift */ = {isa = PBXFileReference; fileEncoding = 4; lastKnownFileType = sourcecode.swift; path = EstimationStrategy.swift; sourceTree = "<group>"; };
		579AD06622A6EF6E00CCCA8B /* Estimator.swift */ = {isa = PBXFileReference; fileEncoding = 4; lastKnownFileType = sourcecode.swift; path = Estimator.swift; sourceTree = "<group>"; };
		579AD06722A6EF6E00CCCA8B /* LocationEstimator.swift */ = {isa = PBXFileReference; fileEncoding = 4; lastKnownFileType = sourcecode.swift; path = LocationEstimator.swift; sourceTree = "<group>"; };
		579AD06922A6EF6E00CCCA8B /* BarycentricEstimator.swift */ = {isa = PBXFileReference; fileEncoding = 4; lastKnownFileType = sourcecode.swift; path = BarycentricEstimator.swift; sourceTree = "<group>"; };
		579AD06A22A6EF6E00CCCA8B /* HPSEstimator.swift */ = {isa = PBXFileReference; fileEncoding = 4; lastKnownFileType = sourcecode.swift; path = HPSEstimator.swift; sourceTree = "<group>"; };
		579AD06B22A6EF6E00CCCA8B /* JainsEstimator.swift */ = {isa = PBXFileReference; fileEncoding = 4; lastKnownFileType = sourcecode.swift; path = JainsEstimator.swift; sourceTree = "<group>"; };
		579AD06C22A6EF6E00CCCA8B /* MaxValueEstimator.swift */ = {isa = PBXFileReference; fileEncoding = 4; lastKnownFileType = sourcecode.swift; path = MaxValueEstimator.swift; sourceTree = "<group>"; };
		579AD06D22A6EF6E00CCCA8B /* QuadradicEstimator.swift */ = {isa = PBXFileReference; fileEncoding = 4; lastKnownFileType = sourcecode.swift; path = QuadradicEstimator.swift; sourceTree = "<group>"; };
		579AD06E22A6EF6E00CCCA8B /* QuinnsFirstEstimator.swift */ = {isa = PBXFileReference; fileEncoding = 4; lastKnownFileType = sourcecode.swift; path = QuinnsFirstEstimator.swift; sourceTree = "<group>"; };
		579AD06F22A6EF6E00CCCA8B /* QuinnsSecondEstimator.swift */ = {isa = PBXFileReference; fileEncoding = 4; lastKnownFileType = sourcecode.swift; path = QuinnsSecondEstimator.swift; sourceTree = "<group>"; };
		579AD07022A6EF6E00CCCA8B /* YINEstimator.swift */ = {isa = PBXFileReference; fileEncoding = 4; lastKnownFileType = sourcecode.swift; path = YINEstimator.swift; sourceTree = "<group>"; };
		579AD07222A6EF6E00CCCA8B /* Buffer.swift */ = {isa = PBXFileReference; fileEncoding = 4; lastKnownFileType = sourcecode.swift; path = Buffer.swift; sourceTree = "<group>"; };
		579AD07422A6EF6E00CCCA8B /* Array+Extensions.swift */ = {isa = PBXFileReference; fileEncoding = 4; lastKnownFileType = sourcecode.swift; path = "Array+Extensions.swift"; sourceTree = "<group>"; };
		579AD07522A6EF6E00CCCA8B /* YINUtil.swift */ = {isa = PBXFileReference; fileEncoding = 4; lastKnownFileType = sourcecode.swift; path = YINUtil.swift; sourceTree = "<group>"; };
		579AD07622A6EF6E00CCCA8B /* PitchEngine.swift */ = {isa = PBXFileReference; fileEncoding = 4; lastKnownFileType = sourcecode.swift; path = PitchEngine.swift; sourceTree = "<group>"; };
		579AD07822A6EF6E00CCCA8B /* SignalTracker.swift */ = {isa = PBXFileReference; fileEncoding = 4; lastKnownFileType = sourcecode.swift; path = SignalTracker.swift; sourceTree = "<group>"; };
		579AD07A22A6EF6E00CCCA8B /* InputSignalTracker.swift */ = {isa = PBXFileReference; fileEncoding = 4; lastKnownFileType = sourcecode.swift; path = InputSignalTracker.swift; sourceTree = "<group>"; };
		579AD07B22A6EF6E00CCCA8B /* OutputSignalTracker.swift */ = {isa = PBXFileReference; fileEncoding = 4; lastKnownFileType = sourcecode.swift; path = OutputSignalTracker.swift; sourceTree = "<group>"; };
		579AD07C22A6EF6E00CCCA8B /* SimulatorSignalTracker.swift */ = {isa = PBXFileReference; fileEncoding = 4; lastKnownFileType = sourcecode.swift; path = SimulatorSignalTracker.swift; sourceTree = "<group>"; };
		579AD07F22A6EF6E00CCCA8B /* FFTTransformer.swift */ = {isa = PBXFileReference; fileEncoding = 4; lastKnownFileType = sourcecode.swift; path = FFTTransformer.swift; sourceTree = "<group>"; };
		579AD08022A6EF6E00CCCA8B /* SimpleTransformer.swift */ = {isa = PBXFileReference; fileEncoding = 4; lastKnownFileType = sourcecode.swift; path = SimpleTransformer.swift; sourceTree = "<group>"; };
		579AD08122A6EF6E00CCCA8B /* YINTransformer.swift */ = {isa = PBXFileReference; fileEncoding = 4; lastKnownFileType = sourcecode.swift; path = YINTransformer.swift; sourceTree = "<group>"; };
		579AD08222A6EF6E00CCCA8B /* Transformer.swift */ = {isa = PBXFileReference; fileEncoding = 4; lastKnownFileType = sourcecode.swift; path = Transformer.swift; sourceTree = "<group>"; };
		579AD09F22A6EFFE00CCCA8B /* NoteCalculator.swift */ = {isa = PBXFileReference; fileEncoding = 4; lastKnownFileType = sourcecode.swift; path = NoteCalculator.swift; sourceTree = "<group>"; };
		579AD0A022A6EFFE00CCCA8B /* PitchCalculator.swift */ = {isa = PBXFileReference; fileEncoding = 4; lastKnownFileType = sourcecode.swift; path = PitchCalculator.swift; sourceTree = "<group>"; };
		579AD0A122A6EFFE00CCCA8B /* WaveCalculator.swift */ = {isa = PBXFileReference; fileEncoding = 4; lastKnownFileType = sourcecode.swift; path = WaveCalculator.swift; sourceTree = "<group>"; };
		579AD0A322A6EFFE00CCCA8B /* AcousticWave.swift */ = {isa = PBXFileReference; fileEncoding = 4; lastKnownFileType = sourcecode.swift; path = AcousticWave.swift; sourceTree = "<group>"; };
		579AD0A422A6EFFE00CCCA8B /* Note.swift */ = {isa = PBXFileReference; fileEncoding = 4; lastKnownFileType = sourcecode.swift; path = Note.swift; sourceTree = "<group>"; };
		579AD0A522A6EFFE00CCCA8B /* Pitch.swift */ = {isa = PBXFileReference; fileEncoding = 4; lastKnownFileType = sourcecode.swift; path = Pitch.swift; sourceTree = "<group>"; };
		579AD0A622A6EFFE00CCCA8B /* Error.swift */ = {isa = PBXFileReference; fileEncoding = 4; lastKnownFileType = sourcecode.swift; path = Error.swift; sourceTree = "<group>"; };
		579AD0A722A6EFFE00CCCA8B /* FrequencyValidator.swift */ = {isa = PBXFileReference; fileEncoding = 4; lastKnownFileType = sourcecode.swift; path = FrequencyValidator.swift; sourceTree = "<group>"; };
		57B4C0C8211D4912002AF979 /* SettingsViewController.swift */ = {isa = PBXFileReference; lastKnownFileType = sourcecode.swift; path = SettingsViewController.swift; sourceTree = "<group>"; };
		57B4C0CA211D4EB4002AF979 /* ColorChangeViewController.swift */ = {isa = PBXFileReference; lastKnownFileType = sourcecode.swift; path = ColorChangeViewController.swift; sourceTree = "<group>"; };
		57CFA236246B343E00E292B5 /* IAPManager.swift */ = {isa = PBXFileReference; lastKnownFileType = sourcecode.swift; path = IAPManager.swift; sourceTree = "<group>"; };
		57CFA238246B3D1B00E292B5 /* StoreKit.framework */ = {isa = PBXFileReference; lastKnownFileType = wrapper.framework; name = StoreKit.framework; path = System/Library/Frameworks/StoreKit.framework; sourceTree = SDKROOT; };
		57CFA23B246B433100E292B5 /* InstrumentTransposer.entitlements */ = {isa = PBXFileReference; lastKnownFileType = text.plist.entitlements; path = InstrumentTransposer.entitlements; sourceTree = "<group>"; };
		73038EB3DD021DA1AC266CA3 /* Pods-InstrumentTransposer.release.xcconfig */ = {isa = PBXFileReference; includeInIndex = 1; lastKnownFileType = text.xcconfig; name = "Pods-InstrumentTransposer.release.xcconfig"; path = "Target Support Files/Pods-InstrumentTransposer/Pods-InstrumentTransposer.release.xcconfig"; sourceTree = "<group>"; };
		84239C6C5751A05189F4654D /* Pods-InstrumentTransposer.debug.xcconfig */ = {isa = PBXFileReference; includeInIndex = 1; lastKnownFileType = text.xcconfig; name = "Pods-InstrumentTransposer.debug.xcconfig"; path = "Target Support Files/Pods-InstrumentTransposer/Pods-InstrumentTransposer.debug.xcconfig"; sourceTree = "<group>"; };
		BD8E8DCCD0DC47EFE77DED81 /* Pods_InstrumentTransposer.framework */ = {isa = PBXFileReference; explicitFileType = wrapper.framework; includeInIndex = 0; path = Pods_InstrumentTransposer.framework; sourceTree = BUILT_PRODUCTS_DIR; };
		E32B67384B90473CE67C77F3 /* Pods-InstrumentTransposerTests.release.xcconfig */ = {isa = PBXFileReference; includeInIndex = 1; lastKnownFileType = text.xcconfig; name = "Pods-InstrumentTransposerTests.release.xcconfig"; path = "Target Support Files/Pods-InstrumentTransposerTests/Pods-InstrumentTransposerTests.release.xcconfig"; sourceTree = "<group>"; };
		F40EDAE022A7564100DF5E99 /* en */ = {isa = PBXFileReference; lastKnownFileType = text.plist.strings; name = en; path = en.lproj/InfoPlist.strings; sourceTree = "<group>"; };
		F40EDAE222A7564500DF5E99 /* es */ = {isa = PBXFileReference; lastKnownFileType = text.plist.strings; name = es; path = es.lproj/InfoPlist.strings; sourceTree = "<group>"; };
		F7C482456FED6FE9222873F6 /* Pods-InstrumentTransposerTests.debug.xcconfig */ = {isa = PBXFileReference; includeInIndex = 1; lastKnownFileType = text.xcconfig; name = "Pods-InstrumentTransposerTests.debug.xcconfig"; path = "Target Support Files/Pods-InstrumentTransposerTests/Pods-InstrumentTransposerTests.debug.xcconfig"; sourceTree = "<group>"; };
/* End PBXFileReference section */

/* Begin PBXFrameworksBuildPhase section */
		5749879C211CF3C600E78B09 /* Frameworks */ = {
			isa = PBXFrameworksBuildPhase;
			buildActionMask = 2147483647;
			files = (
				929F0159EAA772D8D378DD30 /* Pods_InstrumentTransposer.framework in Frameworks */,
				57CFA239246B3D1B00E292B5 /* StoreKit.framework in Frameworks */,
			);
			runOnlyForDeploymentPostprocessing = 0;
		};
		574987B2211CF3C700E78B09 /* Frameworks */ = {
			isa = PBXFrameworksBuildPhase;
			buildActionMask = 2147483647;
			files = (
				704E5BE77022318816D8164E /* Pods_InstrumentTransposerTests.framework in Frameworks */,
			);
			runOnlyForDeploymentPostprocessing = 0;
		};
/* End PBXFrameworksBuildPhase section */

/* Begin PBXGroup section */
		57498796211CF3C600E78B09 = {
			isa = PBXGroup;
			children = (
				5739D5072459FC8B0043BD07 /* README.md */,
				574987A1211CF3C600E78B09 /* InstrumentTransposer */,
				574987B8211CF3C700E78B09 /* InstrumentTransposerTests */,
				574987A0211CF3C600E78B09 /* Products */,
				579AD09D22A6EFFE00CCCA8B /* Source */,
				579AD06022A6EF6D00CCCA8B /* Source */,
				C79B9230DEE292EE5AAD0277 /* Pods */,
				ED59664834483E9F45707DF6 /* Frameworks */,
			);
			sourceTree = "<group>";
		};
		574987A0211CF3C600E78B09 /* Products */ = {
			isa = PBXGroup;
			children = (
				5749879F211CF3C600E78B09 /* InstrumentTransposer.app */,
				574987B5211CF3C700E78B09 /* InstrumentTransposerTests.xctest */,
			);
			name = Products;
			sourceTree = "<group>";
		};
		574987A1211CF3C600E78B09 /* InstrumentTransposer */ = {
			isa = PBXGroup;
			children = (
				57CFA23B246B433100E292B5 /* InstrumentTransposer.entitlements */,
				5734EECA21D060DA0037D21D /* CustomInstrumentsViewController.swift */,
				574987A2211CF3C600E78B09 /* AppDelegate.swift */,
				579745062128BED000689FE6 /* Localizable.strings */,
				574987A4211CF3C600E78B09 /* InstrumentViewController.swift */,
				574987A6211CF3C600E78B09 /* KeyViewController.swift */,
				57B4C0C8211D4912002AF979 /* SettingsViewController.swift */,
				574987A8211CF3C600E78B09 /* Main.storyboard */,
				57B4C0CA211D4EB4002AF979 /* ColorChangeViewController.swift */,
				574987AB211CF3C700E78B09 /* Assets.xcassets */,
				574987AD211CF3C700E78B09 /* LaunchScreen.storyboard */,
				574987B0211CF3C700E78B09 /* Info.plist */,
				571103DD22A6E76B0051BE95 /* TunerViewController.swift */,
				F40EDAE122A7564100DF5E99 /* InfoPlist.strings */,
				57CFA236246B343E00E292B5 /* IAPManager.swift */,
			);
			path = InstrumentTransposer;
			sourceTree = "<group>";
		};
		574987B8211CF3C700E78B09 /* InstrumentTransposerTests */ = {
			isa = PBXGroup;
			children = (
				574987B9211CF3C700E78B09 /* InstrumentTransposerTests.swift */,
				574987BB211CF3C700E78B09 /* Info.plist */,
			);
			path = InstrumentTransposerTests;
			sourceTree = "<group>";
		};
		579AD06022A6EF6D00CCCA8B /* Source */ = {
			isa = PBXGroup;
			children = (
				579AD06122A6EF6E00CCCA8B /* Config.swift */,
				579AD06222A6EF6E00CCCA8B /* Estimation */,
				579AD07122A6EF6E00CCCA8B /* Library */,
				579AD07622A6EF6E00CCCA8B /* PitchEngine.swift */,
				579AD07722A6EF6E00CCCA8B /* SignalTracking */,
				579AD07D22A6EF6E00CCCA8B /* Transform */,
			);
			name = Source;
			path = InstrumentTransposer.xcodeproj/Source;
			sourceTree = "<group>";
		};
		579AD06222A6EF6E00CCCA8B /* Estimation */ = {
			isa = PBXGroup;
			children = (
				579AD06322A6EF6E00CCCA8B /* EstimationError.swift */,
				579AD06422A6EF6E00CCCA8B /* EstimationFactory.swift */,
				579AD06522A6EF6E00CCCA8B /* EstimationStrategy.swift */,
				579AD06622A6EF6E00CCCA8B /* Estimator.swift */,
				579AD06722A6EF6E00CCCA8B /* LocationEstimator.swift */,
				579AD06822A6EF6E00CCCA8B /* Strategies */,
			);
			path = Estimation;
			sourceTree = "<group>";
		};
		579AD06822A6EF6E00CCCA8B /* Strategies */ = {
			isa = PBXGroup;
			children = (
				579AD06922A6EF6E00CCCA8B /* BarycentricEstimator.swift */,
				579AD06A22A6EF6E00CCCA8B /* HPSEstimator.swift */,
				579AD06B22A6EF6E00CCCA8B /* JainsEstimator.swift */,
				579AD06C22A6EF6E00CCCA8B /* MaxValueEstimator.swift */,
				579AD06D22A6EF6E00CCCA8B /* QuadradicEstimator.swift */,
				579AD06E22A6EF6E00CCCA8B /* QuinnsFirstEstimator.swift */,
				579AD06F22A6EF6E00CCCA8B /* QuinnsSecondEstimator.swift */,
				579AD07022A6EF6E00CCCA8B /* YINEstimator.swift */,
			);
			path = Strategies;
			sourceTree = "<group>";
		};
		579AD07122A6EF6E00CCCA8B /* Library */ = {
			isa = PBXGroup;
			children = (
				579AD07222A6EF6E00CCCA8B /* Buffer.swift */,
				579AD07322A6EF6E00CCCA8B /* Extensions */,
				579AD07522A6EF6E00CCCA8B /* YINUtil.swift */,
			);
			path = Library;
			sourceTree = "<group>";
		};
		579AD07322A6EF6E00CCCA8B /* Extensions */ = {
			isa = PBXGroup;
			children = (
				579AD07422A6EF6E00CCCA8B /* Array+Extensions.swift */,
			);
			path = Extensions;
			sourceTree = "<group>";
		};
		579AD07722A6EF6E00CCCA8B /* SignalTracking */ = {
			isa = PBXGroup;
			children = (
				579AD07822A6EF6E00CCCA8B /* SignalTracker.swift */,
				579AD07922A6EF6E00CCCA8B /* Units */,
			);
			path = SignalTracking;
			sourceTree = "<group>";
		};
		579AD07922A6EF6E00CCCA8B /* Units */ = {
			isa = PBXGroup;
			children = (
				579AD07A22A6EF6E00CCCA8B /* InputSignalTracker.swift */,
				579AD07B22A6EF6E00CCCA8B /* OutputSignalTracker.swift */,
				579AD07C22A6EF6E00CCCA8B /* SimulatorSignalTracker.swift */,
			);
			path = Units;
			sourceTree = "<group>";
		};
		579AD07D22A6EF6E00CCCA8B /* Transform */ = {
			isa = PBXGroup;
			children = (
				579AD07E22A6EF6E00CCCA8B /* Strategies */,
				579AD08222A6EF6E00CCCA8B /* Transformer.swift */,
			);
			path = Transform;
			sourceTree = "<group>";
		};
		579AD07E22A6EF6E00CCCA8B /* Strategies */ = {
			isa = PBXGroup;
			children = (
				579AD07F22A6EF6E00CCCA8B /* FFTTransformer.swift */,
				579AD08022A6EF6E00CCCA8B /* SimpleTransformer.swift */,
				579AD08122A6EF6E00CCCA8B /* YINTransformer.swift */,
			);
			path = Strategies;
			sourceTree = "<group>";
		};
		579AD09D22A6EFFE00CCCA8B /* Source */ = {
			isa = PBXGroup;
			children = (
				579AD09E22A6EFFE00CCCA8B /* Calculators */,
				579AD0A222A6EFFE00CCCA8B /* Data */,
				579AD0A622A6EFFE00CCCA8B /* Error.swift */,
				579AD0A722A6EFFE00CCCA8B /* FrequencyValidator.swift */,
			);
			path = Source;
			sourceTree = "<group>";
		};
		579AD09E22A6EFFE00CCCA8B /* Calculators */ = {
			isa = PBXGroup;
			children = (
				579AD09F22A6EFFE00CCCA8B /* NoteCalculator.swift */,
				579AD0A022A6EFFE00CCCA8B /* PitchCalculator.swift */,
				579AD0A122A6EFFE00CCCA8B /* WaveCalculator.swift */,
			);
			path = Calculators;
			sourceTree = "<group>";
		};
		579AD0A222A6EFFE00CCCA8B /* Data */ = {
			isa = PBXGroup;
			children = (
				579AD0A322A6EFFE00CCCA8B /* AcousticWave.swift */,
				579AD0A422A6EFFE00CCCA8B /* Note.swift */,
				579AD0A522A6EFFE00CCCA8B /* Pitch.swift */,
			);
			path = Data;
			sourceTree = "<group>";
		};
		C79B9230DEE292EE5AAD0277 /* Pods */ = {
			isa = PBXGroup;
			children = (
				84239C6C5751A05189F4654D /* Pods-InstrumentTransposer.debug.xcconfig */,
				73038EB3DD021DA1AC266CA3 /* Pods-InstrumentTransposer.release.xcconfig */,
				F7C482456FED6FE9222873F6 /* Pods-InstrumentTransposerTests.debug.xcconfig */,
				E32B67384B90473CE67C77F3 /* Pods-InstrumentTransposerTests.release.xcconfig */,
			);
			path = Pods;
			sourceTree = "<group>";
		};
		ED59664834483E9F45707DF6 /* Frameworks */ = {
			isa = PBXGroup;
			children = (
				57CFA238246B3D1B00E292B5 /* StoreKit.framework */,
				BD8E8DCCD0DC47EFE77DED81 /* Pods_InstrumentTransposer.framework */,
				2601CB22442316FF994DCCB9 /* Pods_InstrumentTransposerTests.framework */,
			);
			name = Frameworks;
			sourceTree = "<group>";
		};
/* End PBXGroup section */

/* Begin PBXNativeTarget section */
		5749879E211CF3C600E78B09 /* InstrumentTransposer */ = {
			isa = PBXNativeTarget;
			buildConfigurationList = 574987BE211CF3C700E78B09 /* Build configuration list for PBXNativeTarget "InstrumentTransposer" */;
			buildPhases = (
				B1E9D51631CF776F70F48BA1 /* [CP] Check Pods Manifest.lock */,
				5749879B211CF3C600E78B09 /* Sources */,
				5749879C211CF3C600E78B09 /* Frameworks */,
				5749879D211CF3C600E78B09 /* Resources */,
				29BE318633F4D5A59F5F8787 /* [CP] Embed Pods Frameworks */,
			);
			buildRules = (
			);
			dependencies = (
			);
			name = InstrumentTransposer;
			productName = InstrumentTransposer;
			productReference = 5749879F211CF3C600E78B09 /* InstrumentTransposer.app */;
			productType = "com.apple.product-type.application";
		};
		574987B4211CF3C700E78B09 /* InstrumentTransposerTests */ = {
			isa = PBXNativeTarget;
			buildConfigurationList = 574987C1211CF3C700E78B09 /* Build configuration list for PBXNativeTarget "InstrumentTransposerTests" */;
			buildPhases = (
				2DAFD9989EC6077FDD4BA479 /* [CP] Check Pods Manifest.lock */,
				574987B1211CF3C700E78B09 /* Sources */,
				574987B2211CF3C700E78B09 /* Frameworks */,
				574987B3211CF3C700E78B09 /* Resources */,
			);
			buildRules = (
			);
			dependencies = (
				574987B7211CF3C700E78B09 /* PBXTargetDependency */,
			);
			name = InstrumentTransposerTests;
			productName = InstrumentTransposerTests;
			productReference = 574987B5211CF3C700E78B09 /* InstrumentTransposerTests.xctest */;
			productType = "com.apple.product-type.bundle.unit-test";
		};
/* End PBXNativeTarget section */

/* Begin PBXProject section */
		57498797211CF3C600E78B09 /* Project object */ = {
			isa = PBXProject;
			attributes = {
				LastSwiftUpdateCheck = 0940;
				LastUpgradeCheck = 0940;
				ORGANIZATIONNAME = "Kids Can Code";
				TargetAttributes = {
					5749879E211CF3C600E78B09 = {
						CreatedOnToolsVersion = 9.4.1;
						LastSwiftMigration = 1020;
					};
					574987B4211CF3C700E78B09 = {
						CreatedOnToolsVersion = 9.4.1;
						LastSwiftMigration = 1020;
						TestTargetID = 5749879E211CF3C600E78B09;
					};
				};
			};
			buildConfigurationList = 5749879A211CF3C600E78B09 /* Build configuration list for PBXProject "InstrumentTransposer" */;
			compatibilityVersion = "Xcode 9.3";
			developmentRegion = en;
			hasScannedForEncodings = 0;
			knownRegions = (
				en,
				Base,
				es,
			);
			mainGroup = 57498796211CF3C600E78B09;
			productRefGroup = 574987A0211CF3C600E78B09 /* Products */;
			projectDirPath = "";
			projectRoot = "";
			targets = (
				5749879E211CF3C600E78B09 /* InstrumentTransposer */,
				574987B4211CF3C700E78B09 /* InstrumentTransposerTests */,
			);
		};
/* End PBXProject section */

/* Begin PBXResourcesBuildPhase section */
		5749879D211CF3C600E78B09 /* Resources */ = {
			isa = PBXResourcesBuildPhase;
			buildActionMask = 2147483647;
			files = (
				574987AF211CF3C700E78B09 /* LaunchScreen.storyboard in Resources */,
				579745082128BED000689FE6 /* Localizable.strings in Resources */,
				574987AC211CF3C700E78B09 /* Assets.xcassets in Resources */,
				574987AA211CF3C600E78B09 /* Main.storyboard in Resources */,
				F40EDADF22A7564100DF5E99 /* InfoPlist.strings in Resources */,
			);
			runOnlyForDeploymentPostprocessing = 0;
		};
		574987B3211CF3C700E78B09 /* Resources */ = {
			isa = PBXResourcesBuildPhase;
			buildActionMask = 2147483647;
			files = (
			);
			runOnlyForDeploymentPostprocessing = 0;
		};
/* End PBXResourcesBuildPhase section */

/* Begin PBXShellScriptBuildPhase section */
		29BE318633F4D5A59F5F8787 /* [CP] Embed Pods Frameworks */ = {
			isa = PBXShellScriptBuildPhase;
			buildActionMask = 2147483647;
			files = (
			);
			inputFileListPaths = (
				"${PODS_ROOT}/Target Support Files/Pods-InstrumentTransposer/Pods-InstrumentTransposer-frameworks-${CONFIGURATION}-input-files.xcfilelist",
			);
			name = "[CP] Embed Pods Frameworks";
			outputFileListPaths = (
				"${PODS_ROOT}/Target Support Files/Pods-InstrumentTransposer/Pods-InstrumentTransposer-frameworks-${CONFIGURATION}-output-files.xcfilelist",
			);
			runOnlyForDeploymentPostprocessing = 0;
			shellPath = /bin/sh;
			shellScript = "\"${PODS_ROOT}/Target Support Files/Pods-InstrumentTransposer/Pods-InstrumentTransposer-frameworks.sh\"\n";
			showEnvVarsInLog = 0;
		};
		2DAFD9989EC6077FDD4BA479 /* [CP] Check Pods Manifest.lock */ = {
			isa = PBXShellScriptBuildPhase;
			buildActionMask = 2147483647;
			files = (
			);
			inputFileListPaths = (
			);
			inputPaths = (
				"${PODS_PODFILE_DIR_PATH}/Podfile.lock",
				"${PODS_ROOT}/Manifest.lock",
			);
			name = "[CP] Check Pods Manifest.lock";
			outputFileListPaths = (
			);
			outputPaths = (
				"$(DERIVED_FILE_DIR)/Pods-InstrumentTransposerTests-checkManifestLockResult.txt",
			);
			runOnlyForDeploymentPostprocessing = 0;
			shellPath = /bin/sh;
			shellScript = "diff \"${PODS_PODFILE_DIR_PATH}/Podfile.lock\" \"${PODS_ROOT}/Manifest.lock\" > /dev/null\nif [ $? != 0 ] ; then\n    # print error to STDERR\n    echo \"error: The sandbox is not in sync with the Podfile.lock. Run 'pod install' or update your CocoaPods installation.\" >&2\n    exit 1\nfi\n# This output is used by Xcode 'outputs' to avoid re-running this script phase.\necho \"SUCCESS\" > \"${SCRIPT_OUTPUT_FILE_0}\"\n";
			showEnvVarsInLog = 0;
		};
		B1E9D51631CF776F70F48BA1 /* [CP] Check Pods Manifest.lock */ = {
			isa = PBXShellScriptBuildPhase;
			buildActionMask = 2147483647;
			files = (
			);
			inputFileListPaths = (
			);
			inputPaths = (
				"${PODS_PODFILE_DIR_PATH}/Podfile.lock",
				"${PODS_ROOT}/Manifest.lock",
			);
			name = "[CP] Check Pods Manifest.lock";
			outputFileListPaths = (
			);
			outputPaths = (
				"$(DERIVED_FILE_DIR)/Pods-InstrumentTransposer-checkManifestLockResult.txt",
			);
			runOnlyForDeploymentPostprocessing = 0;
			shellPath = /bin/sh;
			shellScript = "diff \"${PODS_PODFILE_DIR_PATH}/Podfile.lock\" \"${PODS_ROOT}/Manifest.lock\" > /dev/null\nif [ $? != 0 ] ; then\n    # print error to STDERR\n    echo \"error: The sandbox is not in sync with the Podfile.lock. Run 'pod install' or update your CocoaPods installation.\" >&2\n    exit 1\nfi\n# This output is used by Xcode 'outputs' to avoid re-running this script phase.\necho \"SUCCESS\" > \"${SCRIPT_OUTPUT_FILE_0}\"\n";
			showEnvVarsInLog = 0;
		};
/* End PBXShellScriptBuildPhase section */

/* Begin PBXSourcesBuildPhase section */
		5749879B211CF3C600E78B09 /* Sources */ = {
			isa = PBXSourcesBuildPhase;
			buildActionMask = 2147483647;
			files = (
				57CFA237246B343E00E292B5 /* IAPManager.swift in Sources */,
				579AD0AD22A6EFFE00CCCA8B /* Pitch.swift in Sources */,
				57B4C0CB211D4EB4002AF979 /* ColorChangeViewController.swift in Sources */,
				579AD08522A6EF6E00CCCA8B /* EstimationFactory.swift in Sources */,
				579AD08E22A6EF6E00CCCA8B /* QuinnsFirstEstimator.swift in Sources */,
				574987A7211CF3C600E78B09 /* KeyViewController.swift in Sources */,
				579AD0AB22A6EFFE00CCCA8B /* AcousticWave.swift in Sources */,
				579AD08F22A6EF6E00CCCA8B /* QuinnsSecondEstimator.swift in Sources */,
				574987A3211CF3C600E78B09 /* AppDelegate.swift in Sources */,
				579AD0AE22A6EFFE00CCCA8B /* Error.swift in Sources */,
				579AD08422A6EF6E00CCCA8B /* EstimationError.swift in Sources */,
				579AD09122A6EF6E00CCCA8B /* Buffer.swift in Sources */,
				579AD0AC22A6EFFE00CCCA8B /* Note.swift in Sources */,
				579AD0AA22A6EFFE00CCCA8B /* WaveCalculator.swift in Sources */,
				579AD09922A6EF6E00CCCA8B /* FFTTransformer.swift in Sources */,
				579AD0A822A6EFFE00CCCA8B /* NoteCalculator.swift in Sources */,
				579AD08D22A6EF6E00CCCA8B /* QuadradicEstimator.swift in Sources */,
				579AD08922A6EF6E00CCCA8B /* BarycentricEstimator.swift in Sources */,
				579AD08822A6EF6E00CCCA8B /* LocationEstimator.swift in Sources */,
				574987A5211CF3C600E78B09 /* InstrumentViewController.swift in Sources */,
				579AD08A22A6EF6E00CCCA8B /* HPSEstimator.swift in Sources */,
				579AD08722A6EF6E00CCCA8B /* Estimator.swift in Sources */,
				579AD09022A6EF6E00CCCA8B /* YINEstimator.swift in Sources */,
				579AD09722A6EF6E00CCCA8B /* OutputSignalTracker.swift in Sources */,
				579AD09622A6EF6E00CCCA8B /* InputSignalTracker.swift in Sources */,
				579AD09B22A6EF6E00CCCA8B /* YINTransformer.swift in Sources */,
				579AD08C22A6EF6E00CCCA8B /* MaxValueEstimator.swift in Sources */,
				5734EECB21D060DA0037D21D /* CustomInstrumentsViewController.swift in Sources */,
				579AD09222A6EF6E00CCCA8B /* Array+Extensions.swift in Sources */,
				579AD09C22A6EF6E00CCCA8B /* Transformer.swift in Sources */,
				579AD09522A6EF6E00CCCA8B /* SignalTracker.swift in Sources */,
				579AD08322A6EF6E00CCCA8B /* Config.swift in Sources */,
				579AD0A922A6EFFE00CCCA8B /* PitchCalculator.swift in Sources */,
				579AD09822A6EF6E00CCCA8B /* SimulatorSignalTracker.swift in Sources */,
				579AD08B22A6EF6E00CCCA8B /* JainsEstimator.swift in Sources */,
				579AD09422A6EF6E00CCCA8B /* PitchEngine.swift in Sources */,
				579AD09A22A6EF6E00CCCA8B /* SimpleTransformer.swift in Sources */,
				57B4C0C9211D4912002AF979 /* SettingsViewController.swift in Sources */,
				571103DE22A6E76B0051BE95 /* TunerViewController.swift in Sources */,
				579AD09322A6EF6E00CCCA8B /* YINUtil.swift in Sources */,
				579AD08622A6EF6E00CCCA8B /* EstimationStrategy.swift in Sources */,
				579AD0AF22A6EFFE00CCCA8B /* FrequencyValidator.swift in Sources */,
			);
			runOnlyForDeploymentPostprocessing = 0;
		};
		574987B1211CF3C700E78B09 /* Sources */ = {
			isa = PBXSourcesBuildPhase;
			buildActionMask = 2147483647;
			files = (
				574987BA211CF3C700E78B09 /* InstrumentTransposerTests.swift in Sources */,
			);
			runOnlyForDeploymentPostprocessing = 0;
		};
/* End PBXSourcesBuildPhase section */

/* Begin PBXTargetDependency section */
		574987B7211CF3C700E78B09 /* PBXTargetDependency */ = {
			isa = PBXTargetDependency;
			target = 5749879E211CF3C600E78B09 /* InstrumentTransposer */;
			targetProxy = 574987B6211CF3C700E78B09 /* PBXContainerItemProxy */;
		};
/* End PBXTargetDependency section */

/* Begin PBXVariantGroup section */
		574987A8211CF3C600E78B09 /* Main.storyboard */ = {
			isa = PBXVariantGroup;
			children = (
				574987A9211CF3C600E78B09 /* Base */,
				579745052128BD8400689FE6 /* en */,
				579745092128C0FD00689FE6 /* es */,
			);
			name = Main.storyboard;
			sourceTree = "<group>";
		};
		574987AD211CF3C700E78B09 /* LaunchScreen.storyboard */ = {
			isa = PBXVariantGroup;
			children = (
				574987AE211CF3C700E78B09 /* Base */,
				5797450A2128C0FD00689FE6 /* es */,
			);
			name = LaunchScreen.storyboard;
			sourceTree = "<group>";
		};
		579745062128BED000689FE6 /* Localizable.strings */ = {
			isa = PBXVariantGroup;
			children = (
				579745072128BED000689FE6 /* en */,
				5797450B2128C0FD00689FE6 /* es */,
			);
			name = Localizable.strings;
			sourceTree = "<group>";
		};
		F40EDAE122A7564100DF5E99 /* InfoPlist.strings */ = {
			isa = PBXVariantGroup;
			children = (
				F40EDAE022A7564100DF5E99 /* en */,
				F40EDAE222A7564500DF5E99 /* es */,
			);
			name = InfoPlist.strings;
			sourceTree = "<group>";
		};
/* End PBXVariantGroup section */

/* Begin XCBuildConfiguration section */
		574987BC211CF3C700E78B09 /* Debug */ = {
			isa = XCBuildConfiguration;
			buildSettings = {
				ALWAYS_SEARCH_USER_PATHS = NO;
				CLANG_ANALYZER_LOCALIZABILITY_NONLOCALIZED = YES;
				CLANG_ANALYZER_NONNULL = YES;
				CLANG_ANALYZER_NUMBER_OBJECT_CONVERSION = YES_AGGRESSIVE;
				CLANG_CXX_LANGUAGE_STANDARD = "gnu++14";
				CLANG_CXX_LIBRARY = "libc++";
				CLANG_ENABLE_MODULES = YES;
				CLANG_ENABLE_OBJC_ARC = YES;
				CLANG_ENABLE_OBJC_WEAK = YES;
				CLANG_WARN_BLOCK_CAPTURE_AUTORELEASING = YES;
				CLANG_WARN_BOOL_CONVERSION = YES;
				CLANG_WARN_COMMA = YES;
				CLANG_WARN_CONSTANT_CONVERSION = YES;
				CLANG_WARN_DEPRECATED_OBJC_IMPLEMENTATIONS = YES;
				CLANG_WARN_DIRECT_OBJC_ISA_USAGE = YES_ERROR;
				CLANG_WARN_DOCUMENTATION_COMMENTS = YES;
				CLANG_WARN_EMPTY_BODY = YES;
				CLANG_WARN_ENUM_CONVERSION = YES;
				CLANG_WARN_INFINITE_RECURSION = YES;
				CLANG_WARN_INT_CONVERSION = YES;
				CLANG_WARN_NON_LITERAL_NULL_CONVERSION = YES;
				CLANG_WARN_OBJC_IMPLICIT_RETAIN_SELF = YES;
				CLANG_WARN_OBJC_LITERAL_CONVERSION = YES;
				CLANG_WARN_OBJC_ROOT_CLASS = YES_ERROR;
				CLANG_WARN_RANGE_LOOP_ANALYSIS = YES;
				CLANG_WARN_STRICT_PROTOTYPES = YES;
				CLANG_WARN_SUSPICIOUS_MOVE = YES;
				CLANG_WARN_UNGUARDED_AVAILABILITY = YES_AGGRESSIVE;
				CLANG_WARN_UNREACHABLE_CODE = YES;
				CLANG_WARN__DUPLICATE_METHOD_MATCH = YES;
				CODE_SIGN_IDENTITY = "iPhone Developer";
				COPY_PHASE_STRIP = NO;
				DEBUG_INFORMATION_FORMAT = dwarf;
				ENABLE_STRICT_OBJC_MSGSEND = YES;
				ENABLE_TESTABILITY = YES;
				GCC_C_LANGUAGE_STANDARD = gnu11;
				GCC_DYNAMIC_NO_PIC = NO;
				GCC_NO_COMMON_BLOCKS = YES;
				GCC_OPTIMIZATION_LEVEL = 0;
				GCC_PREPROCESSOR_DEFINITIONS = (
					"DEBUG=1",
					"$(inherited)",
				);
				GCC_WARN_64_TO_32_BIT_CONVERSION = YES;
				GCC_WARN_ABOUT_RETURN_TYPE = YES_ERROR;
				GCC_WARN_UNDECLARED_SELECTOR = YES;
				GCC_WARN_UNINITIALIZED_AUTOS = YES_AGGRESSIVE;
				GCC_WARN_UNUSED_FUNCTION = YES;
				GCC_WARN_UNUSED_VARIABLE = YES;
				IPHONEOS_DEPLOYMENT_TARGET = 11.4;
				MTL_ENABLE_DEBUG_INFO = YES;
				ONLY_ACTIVE_ARCH = YES;
				SDKROOT = iphoneos;
				SWIFT_ACTIVE_COMPILATION_CONDITIONS = DEBUG;
				SWIFT_OPTIMIZATION_LEVEL = "-Onone";
			};
			name = Debug;
		};
		574987BD211CF3C700E78B09 /* Release */ = {
			isa = XCBuildConfiguration;
			buildSettings = {
				ALWAYS_SEARCH_USER_PATHS = NO;
				CLANG_ANALYZER_LOCALIZABILITY_NONLOCALIZED = YES;
				CLANG_ANALYZER_NONNULL = YES;
				CLANG_ANALYZER_NUMBER_OBJECT_CONVERSION = YES_AGGRESSIVE;
				CLANG_CXX_LANGUAGE_STANDARD = "gnu++14";
				CLANG_CXX_LIBRARY = "libc++";
				CLANG_ENABLE_MODULES = YES;
				CLANG_ENABLE_OBJC_ARC = YES;
				CLANG_ENABLE_OBJC_WEAK = YES;
				CLANG_WARN_BLOCK_CAPTURE_AUTORELEASING = YES;
				CLANG_WARN_BOOL_CONVERSION = YES;
				CLANG_WARN_COMMA = YES;
				CLANG_WARN_CONSTANT_CONVERSION = YES;
				CLANG_WARN_DEPRECATED_OBJC_IMPLEMENTATIONS = YES;
				CLANG_WARN_DIRECT_OBJC_ISA_USAGE = YES_ERROR;
				CLANG_WARN_DOCUMENTATION_COMMENTS = YES;
				CLANG_WARN_EMPTY_BODY = YES;
				CLANG_WARN_ENUM_CONVERSION = YES;
				CLANG_WARN_INFINITE_RECURSION = YES;
				CLANG_WARN_INT_CONVERSION = YES;
				CLANG_WARN_NON_LITERAL_NULL_CONVERSION = YES;
				CLANG_WARN_OBJC_IMPLICIT_RETAIN_SELF = YES;
				CLANG_WARN_OBJC_LITERAL_CONVERSION = YES;
				CLANG_WARN_OBJC_ROOT_CLASS = YES_ERROR;
				CLANG_WARN_RANGE_LOOP_ANALYSIS = YES;
				CLANG_WARN_STRICT_PROTOTYPES = YES;
				CLANG_WARN_SUSPICIOUS_MOVE = YES;
				CLANG_WARN_UNGUARDED_AVAILABILITY = YES_AGGRESSIVE;
				CLANG_WARN_UNREACHABLE_CODE = YES;
				CLANG_WARN__DUPLICATE_METHOD_MATCH = YES;
				CODE_SIGN_IDENTITY = "iPhone Developer";
				COPY_PHASE_STRIP = NO;
				DEBUG_INFORMATION_FORMAT = "dwarf-with-dsym";
				ENABLE_NS_ASSERTIONS = NO;
				ENABLE_STRICT_OBJC_MSGSEND = YES;
				GCC_C_LANGUAGE_STANDARD = gnu11;
				GCC_NO_COMMON_BLOCKS = YES;
				GCC_WARN_64_TO_32_BIT_CONVERSION = YES;
				GCC_WARN_ABOUT_RETURN_TYPE = YES_ERROR;
				GCC_WARN_UNDECLARED_SELECTOR = YES;
				GCC_WARN_UNINITIALIZED_AUTOS = YES_AGGRESSIVE;
				GCC_WARN_UNUSED_FUNCTION = YES;
				GCC_WARN_UNUSED_VARIABLE = YES;
				IPHONEOS_DEPLOYMENT_TARGET = 11.4;
				MTL_ENABLE_DEBUG_INFO = NO;
				SDKROOT = iphoneos;
				SWIFT_COMPILATION_MODE = wholemodule;
				SWIFT_OPTIMIZATION_LEVEL = "-O";
				VALIDATE_PRODUCT = YES;
			};
			name = Release;
		};
		574987BF211CF3C700E78B09 /* Debug */ = {
			isa = XCBuildConfiguration;
			baseConfigurationReference = 84239C6C5751A05189F4654D /* Pods-InstrumentTransposer.debug.xcconfig */;
			buildSettings = {
				ASSETCATALOG_COMPILER_APPICON_NAME = AppIcon;
				CODE_SIGN_ENTITLEMENTS = InstrumentTransposer/InstrumentTransposer.entitlements;
				CODE_SIGN_STYLE = Automatic;
				DEVELOPMENT_TEAM = H5H633W272;
				INFOPLIST_FILE = InstrumentTransposer/Info.plist;
				IPHONEOS_DEPLOYMENT_TARGET = 9.3;
				LD_RUNPATH_SEARCH_PATHS = (
					"$(inherited)",
					"@executable_path/Frameworks",
				);
				PRODUCT_BUNDLE_IDENTIFIER = com.kidscancode.InstrumentTransposer;
				PRODUCT_NAME = "$(TARGET_NAME)";
				SWIFT_VERSION = 5.0;
				TARGETED_DEVICE_FAMILY = "1,2";
			};
			name = Debug;
		};
		574987C0211CF3C700E78B09 /* Release */ = {
			isa = XCBuildConfiguration;
			baseConfigurationReference = 73038EB3DD021DA1AC266CA3 /* Pods-InstrumentTransposer.release.xcconfig */;
			buildSettings = {
				ASSETCATALOG_COMPILER_APPICON_NAME = AppIcon;
				CODE_SIGN_ENTITLEMENTS = InstrumentTransposer/InstrumentTransposer.entitlements;
				CODE_SIGN_STYLE = Automatic;
				DEVELOPMENT_TEAM = H5H633W272;
				INFOPLIST_FILE = InstrumentTransposer/Info.plist;
				IPHONEOS_DEPLOYMENT_TARGET = 9.3;
				LD_RUNPATH_SEARCH_PATHS = (
					"$(inherited)",
					"@executable_path/Frameworks",
				);
				PRODUCT_BUNDLE_IDENTIFIER = com.kidscancode.InstrumentTransposer;
				PRODUCT_NAME = "$(TARGET_NAME)";
				SWIFT_VERSION = 5.0;
				TARGETED_DEVICE_FAMILY = "1,2";
			};
			name = Release;
		};
		574987C2211CF3C700E78B09 /* Debug */ = {
			isa = XCBuildConfiguration;
			baseConfigurationReference = F7C482456FED6FE9222873F6 /* Pods-InstrumentTransposerTests.debug.xcconfig */;
			buildSettings = {
				ALWAYS_EMBED_SWIFT_STANDARD_LIBRARIES = YES;
				BUNDLE_LOADER = "$(TEST_HOST)";
				CODE_SIGN_STYLE = Automatic;
				DEVELOPMENT_TEAM = 625H5P8M26;
				INFOPLIST_FILE = InstrumentTransposerTests/Info.plist;
				LD_RUNPATH_SEARCH_PATHS = (
					"$(inherited)",
					"@executable_path/Frameworks",
					"@loader_path/Frameworks",
				);
				PRODUCT_BUNDLE_IDENTIFIER = com.kidscancode.InstrumentTransposerTests;
				PRODUCT_NAME = "$(TARGET_NAME)";
				SWIFT_VERSION = 5.0;
				TARGETED_DEVICE_FAMILY = "1,2";
				TEST_HOST = "$(BUILT_PRODUCTS_DIR)/InstrumentTransposer.app/InstrumentTransposer";
			};
			name = Debug;
		};
		574987C3211CF3C700E78B09 /* Release */ = {
			isa = XCBuildConfiguration;
			baseConfigurationReference = E32B67384B90473CE67C77F3 /* Pods-InstrumentTransposerTests.release.xcconfig */;
			buildSettings = {
				ALWAYS_EMBED_SWIFT_STANDARD_LIBRARIES = YES;
				BUNDLE_LOADER = "$(TEST_HOST)";
				CODE_SIGN_STYLE = Automatic;
				DEVELOPMENT_TEAM = 625H5P8M26;
				INFOPLIST_FILE = InstrumentTransposerTests/Info.plist;
				LD_RUNPATH_SEARCH_PATHS = (
					"$(inherited)",
					"@executable_path/Frameworks",
					"@loader_path/Frameworks",
				);
				PRODUCT_BUNDLE_IDENTIFIER = com.kidscancode.InstrumentTransposerTests;
				PRODUCT_NAME = "$(TARGET_NAME)";
				SWIFT_VERSION = 5.0;
				TARGETED_DEVICE_FAMILY = "1,2";
				TEST_HOST = "$(BUILT_PRODUCTS_DIR)/InstrumentTransposer.app/InstrumentTransposer";
			};
			name = Release;
		};
/* End XCBuildConfiguration section */

/* Begin XCConfigurationList section */
		5749879A211CF3C600E78B09 /* Build configuration list for PBXProject "InstrumentTransposer" */ = {
			isa = XCConfigurationList;
			buildConfigurations = (
				574987BC211CF3C700E78B09 /* Debug */,
				574987BD211CF3C700E78B09 /* Release */,
			);
			defaultConfigurationIsVisible = 0;
			defaultConfigurationName = Release;
		};
		574987BE211CF3C700E78B09 /* Build configuration list for PBXNativeTarget "InstrumentTransposer" */ = {
			isa = XCConfigurationList;
			buildConfigurations = (
				574987BF211CF3C700E78B09 /* Debug */,
				574987C0211CF3C700E78B09 /* Release */,
			);
			defaultConfigurationIsVisible = 0;
			defaultConfigurationName = Release;
		};
		574987C1211CF3C700E78B09 /* Build configuration list for PBXNativeTarget "InstrumentTransposerTests" */ = {
			isa = XCConfigurationList;
			buildConfigurations = (
				574987C2211CF3C700E78B09 /* Debug */,
				574987C3211CF3C700E78B09 /* Release */,
			);
			defaultConfigurationIsVisible = 0;
			defaultConfigurationName = Release;
		};
/* End XCConfigurationList section */
	};
	rootObject = 57498797211CF3C600E78B09 /* Project object */;
}
